
Microsoft Visual Studio Solution File, Format Version 12.00
# Visual Studio 15
VisualStudioVersion = 15.0.26124.0
MinimumVisualStudioVersion = 15.0.26124.0
Project("{FAE04EC0-301F-11D3-BF4B-00C04F79EFBC}") = "UIPathValidator", "UIPathValidator\UIPathValidator.csproj", "{F021C9B3-8C33-454F-B626-3F0CAEBBD3B2}"
EndProject
Project("{FAE04EC0-301F-11D3-BF4B-00C04F79EFBC}") = "UIPathValidator.CLI", "UIPathValidator.CLI\UIPathValidator.CLI.csproj", "{B23FA71E-3124-412C-9444-A6A5732DB3DA}"
EndProject
Global
	GlobalSection(SolutionConfigurationPlatforms) = preSolution
		Debug|Any CPU = Debug|Any CPU
		Debug|x64 = Debug|x64
		Debug|x86 = Debug|x86
		Release|Any CPU = Release|Any CPU
		Release|x64 = Release|x64
		Release|x86 = Release|x86
	EndGlobalSection
	GlobalSection(SolutionProperties) = preSolution
		HideSolutionNode = FALSE
	EndGlobalSection
	GlobalSection(ProjectConfigurationPlatforms) = postSolution
		{F021C9B3-8C33-454F-B626-3F0CAEBBD3B2}.Debug|Any CPU.ActiveCfg = Debug|Any CPU
		{F021C9B3-8C33-454F-B626-3F0CAEBBD3B2}.Debug|Any CPU.Build.0 = Debug|Any CPU
		{F021C9B3-8C33-454F-B626-3F0CAEBBD3B2}.Debug|x64.ActiveCfg = Debug|Any CPU
		{F021C9B3-8C33-454F-B626-3F0CAEBBD3B2}.Debug|x64.Build.0 = Debug|Any CPU
		{F021C9B3-8C33-454F-B626-3F0CAEBBD3B2}.Debug|x86.ActiveCfg = Debug|Any CPU
		{F021C9B3-8C33-454F-B626-3F0CAEBBD3B2}.Debug|x86.Build.0 = Debug|Any CPU
		{F021C9B3-8C33-454F-B626-3F0CAEBBD3B2}.Release|Any CPU.ActiveCfg = Release|Any CPU
		{F021C9B3-8C33-454F-B626-3F0CAEBBD3B2}.Release|Any CPU.Build.0 = Release|Any CPU
		{F021C9B3-8C33-454F-B626-3F0CAEBBD3B2}.Release|x64.ActiveCfg = Release|Any CPU
		{F021C9B3-8C33-454F-B626-3F0CAEBBD3B2}.Release|x64.Build.0 = Release|Any CPU
		{F021C9B3-8C33-454F-B626-3F0CAEBBD3B2}.Release|x86.ActiveCfg = Release|Any CPU
		{F021C9B3-8C33-454F-B626-3F0CAEBBD3B2}.Release|x86.Build.0 = Release|Any CPU
		{B23FA71E-3124-412C-9444-A6A5732DB3DA}.Debug|Any CPU.ActiveCfg = Debug|Any CPU
		{B23FA71E-3124-412C-9444-A6A5732DB3DA}.Debug|Any CPU.Build.0 = Debug|Any CPU
		{B23FA71E-3124-412C-9444-A6A5732DB3DA}.Debug|x64.ActiveCfg = Debug|Any CPU
		{B23FA71E-3124-412C-9444-A6A5732DB3DA}.Debug|x64.Build.0 = Debug|Any CPU
		{B23FA71E-3124-412C-9444-A6A5732DB3DA}.Debug|x86.ActiveCfg = Debug|Any CPU
		{B23FA71E-3124-412C-9444-A6A5732DB3DA}.Debug|x86.Build.0 = Debug|Any CPU
		{B23FA71E-3124-412C-9444-A6A5732DB3DA}.Release|Any CPU.ActiveCfg = Release|Any CPU
		{B23FA71E-3124-412C-9444-A6A5732DB3DA}.Release|Any CPU.Build.0 = Release|Any CPU
		{B23FA71E-3124-412C-9444-A6A5732DB3DA}.Release|x64.ActiveCfg = Release|Any CPU
		{B23FA71E-3124-412C-9444-A6A5732DB3DA}.Release|x64.Build.0 = Release|Any CPU
		{B23FA71E-3124-412C-9444-A6A5732DB3DA}.Release|x86.ActiveCfg = Release|Any CPU
		{B23FA71E-3124-412C-9444-A6A5732DB3DA}.Release|x86.Build.0 = Release|Any CPU
	EndGlobalSection
EndGlobal
